{
    "_meta": {
        "hash": {
            "sha256": "7e7ef69da7248742e869378f8421880cf8f0017f96d94d086813baa518a65489"
        },
        "pipfile-spec": 6,
        "requires": {
            "python_version": "3.7"
        },
        "sources": [
            {
                "name": "pypi",
                "url": "https://pypi.org/simple",
                "verify_ssl": true
            }
        ]
    },
    "default": {
        "evdev": {
            "hashes": [
                "sha256:023116eb8b060a15a8f93b3d7b7f02e802a83b26d481c2a0c047d1476d61fd46",
                "sha256:b03f5e1be5b4a5327494a981b831d251a142b09e8778eda1a8b53eba91100166"
            ],
            "index": "pypi",
            "version": "==1.2.0"
        }
    },
    "develop": {}
}
